# This file may be used to create an environment using:
# $ conda create --name <env> --file <this file>
# platform: linux-64
@EXPLICIT
https://conda.anaconda.org/conda-forge/linux-64/_libgcc_mutex-0.1-conda_forge.tar.bz2#d7c89558ba9fa0495403155b64376d81
https://conda.anaconda.org/conda-forge/linux-64/libgomp-14.2.0-h77fa898_1.conda#cc3573974587f12dda90d96e3e55a702
https://conda.anaconda.org/conda-forge/linux-64/_openmp_mutex-4.5-2_gnu.tar.bz2#73aaf86a425cc6e73fcf236a5a46396d
https://conda.anaconda.org/conda-forge/noarch/_r-mutex-1.0.1-anacondar_1.tar.bz2#19f9db5f4f1b7f5ef5f6d67207f25f38
https://conda.anaconda.org/conda-forge/linux-64/libgcc-14.2.0-h77fa898_1.conda#3cb76c3f10d3bc7f1105b2fc9db984df
https://conda.anaconda.org/bioconda/linux-64/libdb-6.1.26-0.tar.bz2#54f9711a58caee8d68539a27ed6d357f
https://conda.anaconda.org/conda-forge/linux-64/libgcc-ng-14.2.0-h69a702a_1.conda#e39480b9ca41323497b05492a63bc35b
https://conda.anaconda.org/conda-forge/linux-64/libxcrypt-4.4.36-hd590300_1.conda#5aa797f8787fe7a17d1b0821485b5adc
https://conda.anaconda.org/conda-forge/linux-64/perl-5.32.1-7_hd590300_perl5.conda#f2cfec9406850991f4e3d960cc9e3321
https://conda.anaconda.org/bioconda/linux-64/perl-bioperl-core-1.7.8-pl5321h9ee0642_0.tar.bz2#3a91b123ba9ad178e16daa9c5d2838d9
https://conda.anaconda.org/bioconda/noarch/perl-exporter-5.72-pl5321hdfd78af_2.tar.bz2#7353e88329199d78b6e4c7bef4fc835e
https://conda.anaconda.org/conda-forge/noarch/perl-extutils-makemaker-7.70-pl5321hd8ed1ab_0.conda#ec3e57ed34f7765bfc7054a05868ce5d
https://conda.anaconda.org/bioconda/noarch/perl-carp-1.38-pl5321hdfd78af_4.tar.bz2#e4cbd5d05ff5018e31668ae0b4a47a05
https://conda.anaconda.org/conda-forge/linux-64/perl-b-cow-0.007-pl5321hd590300_0.conda#801ca099a19e60e11c21a270c28f0db8
https://conda.anaconda.org/bioconda/linux-64/perl-clone-0.46-pl5321hec16e2b_0.tar.bz2#40c51ea0aa9c94f7e43cae3dfe500725
https://conda.anaconda.org/bioconda/noarch/perl-class-inspector-1.36-pl5321hdfd78af_0.tar.bz2#9f522ad94e3c805884d5ebfe036658ee
https://conda.anaconda.org/bioconda/noarch/perl-file-sharedir-1.118-pl5321hdfd78af_0.tar.bz2#7a3826d5d1ffddc7c49b612d79ee7a93
https://conda.anaconda.org/bioconda/noarch/perl-file-share-0.25-pl5321hdfd78af_3.tar.bz2#19bb4654cde7ca66a192d345e392b8b1
https://conda.anaconda.org/bioconda/noarch/perl-file-sharedir-install-0.13-pl5321hdfd78af_1.tar.bz2#66ec8b8abc0d3a2d7a5408428d8a68fd
https://conda.anaconda.org/bioconda/noarch/perl-heap-0.80-pl5321hdfd78af_1.tar.bz2#6954c08e56a2d72e2e3f6ee6047eb315
https://conda.anaconda.org/bioconda/noarch/perl-safe-2.37-pl5321hdfd78af_2.tar.bz2#2ddbd2c8058f3ec3ab81de17db5f446d
https://conda.anaconda.org/bioconda/linux-64/perl-scalar-list-utils-1.62-pl5321hec16e2b_1.tar.bz2#2ef171e027d0b34a7dfb3e4a3a7ef02e
https://conda.anaconda.org/bioconda/linux-64/perl-set-object-1.42-pl5321h7b50bb2_5.tar.bz2#afcf0756098e547e2bd39e89650e6af1
https://conda.anaconda.org/bioconda/linux-64/perl-storable-3.15-pl5321hec16e2b_3.tar.bz2#6234bc32fdf500014b4b85495205c95e
https://conda.anaconda.org/bioconda/noarch/perl-graph-0.9733-pl5321hdfd78af_0.tar.bz2#cbd9a4d5755799dbc9d9f8928ee83fad
https://conda.anaconda.org/bioconda/noarch/perl-base-2.23-pl5321hdfd78af_2.tar.bz2#56bcf32d7efd3cb8f9bb6c3e4c592f48
https://conda.anaconda.org/bioconda/linux-64/perl-digest-md5-2.58-pl5321hec16e2b_1.tar.bz2#a0af370445ef6aa9db1ecf41e4866d8c
https://conda.anaconda.org/bioconda/noarch/perl-parent-0.236-pl5321hdfd78af_2.tar.bz2#39654d6adccb863ac8973da0f745dd52
https://conda.anaconda.org/bioconda/linux-64/perl-encode-3.19-pl5321hec16e2b_1.tar.bz2#b2925d6255f57feeb61b5fa04d99fbf3
https://conda.anaconda.org/bioconda/noarch/perl-encode-locale-1.05-pl5321hdfd78af_7.tar.bz2#b431fde1d115040cf39bb54280a03dc8
https://conda.anaconda.org/bioconda/noarch/perl-constant-1.33-pl5321hdfd78af_2.tar.bz2#bda05b652c9a6d069ccf520149e1c171
https://conda.anaconda.org/bioconda/noarch/perl-time-local-1.35-pl5321hdfd78af_0.tar.bz2#e813d43b775e17589b5dd9cd99b3e8b6
https://conda.anaconda.org/bioconda/noarch/perl-timedate-2.33-pl5321hdfd78af_2.tar.bz2#c4686f71d90a9ecbaf76c6794a309843
https://conda.anaconda.org/bioconda/noarch/perl-http-date-6.06-pl5321hdfd78af_0.tar.bz2#dbf1658443c214ea04fce36312d7efe3
https://conda.anaconda.org/bioconda/noarch/perl-file-listing-6.16-pl5321hdfd78af_0.tar.bz2#aee1982ba098bb88b04a68f6e06dd825
https://conda.anaconda.org/conda-forge/linux-64/libstdcxx-14.2.0-hc0a3c3a_1.conda#234a5554c53625688d51062645337328
https://conda.anaconda.org/bioconda/noarch/perl-html-tagset-3.20-pl5321hdfd78af_4.tar.bz2#69c71855f076d4e826c1af7b4d197969
https://conda.anaconda.org/conda-forge/linux-64/libstdcxx-ng-14.2.0-h4852527_1.conda#8371ac6457591af2cf6159439c1fd051
https://conda.anaconda.org/bioconda/linux-64/perl-compress-raw-zlib-2.105-pl5321h87f3376_0.tar.bz2#6b25bedc10361529a269b523cc589afd
https://conda.anaconda.org/bioconda/noarch/perl-file-spec-3.48_01-pl5321hdfd78af_2.tar.bz2#aab3e394e9759fffdbd042d98d30aeb8
https://conda.anaconda.org/bioconda/noarch/perl-io-html-1.004-pl5321hdfd78af_0.tar.bz2#41b9702808c81294c0b1dc112f239214
https://conda.anaconda.org/bioconda/noarch/perl-lwp-mediatypes-6.04-pl5321hdfd78af_1.tar.bz2#386b035f45e9389e6e9b1a367fdd19bb
https://conda.anaconda.org/bioconda/linux-64/perl-mime-base64-3.16-pl5321hec16e2b_2.tar.bz2#df1e0427e5991a539e6a7520f3728bc9
https://conda.anaconda.org/bioconda/noarch/perl-business-isbn-data-20210112.006-pl5321hdfd78af_0.tar.bz2#9b57a4df4970f5d01a1da0f1807b862e
https://conda.anaconda.org/bioconda/noarch/perl-business-isbn-3.007-pl5321hdfd78af_0.tar.bz2#3cdaa3f73497365e08346443d81dac81
https://conda.anaconda.org/bioconda/noarch/perl-try-tiny-0.31-pl5321hdfd78af_1.tar.bz2#392bfccbd3a8c498b6b9c72bef1a2f21
https://conda.anaconda.org/bioconda/noarch/perl-test-fatal-0.016-pl5321hdfd78af_0.tar.bz2#c67cdcdcfd2d0ae252c9d17f40da798d
https://conda.anaconda.org/bioconda/noarch/perl-test-warnings-0.031-pl5321hdfd78af_0.tar.bz2#8e656965d74331dfa2037127983c9b8e
https://conda.anaconda.org/conda-forge/linux-64/perl-uri-5.17-pl5321ha770c72_0.conda#847c007d5f4a59b356a9cd577010b89c
https://conda.anaconda.org/bioconda/linux-64/perl-url-encode-0.03-pl5321h9ee0642_1.tar.bz2#dc4d3ec16f80c73207ea86de42a62b51
https://conda.anaconda.org/bioconda/noarch/perl-http-message-6.36-pl5321hdfd78af_0.tar.bz2#a213d1308ffa8e0789996ae6ecda98ae
https://conda.anaconda.org/bioconda/linux-64/perl-html-parser-3.81-pl5321h9948957_2.tar.bz2#0efa64b9eca3cd950b31fa9c0ad2126a
https://conda.anaconda.org/bioconda/noarch/perl-http-cookies-6.10-pl5321hdfd78af_0.tar.bz2#e814a81fb8024d2be457805250df690c
https://conda.anaconda.org/bioconda/linux-64/perl-socket-2.027-pl5321h5c03b87_6.tar.bz2#386471424f4b28cd0f1acefef56be4e0
https://conda.anaconda.org/bioconda/noarch/perl-http-daemon-6.16-pl5321hdfd78af_0.tar.bz2#55e2a97aa9794010e0f1cedc1abb3f19
https://conda.anaconda.org/bioconda/noarch/perl-http-negotiate-6.01-pl5321hdfd78af_4.tar.bz2#8a56e406990d3b84b89a50caf5f2811d
https://conda.anaconda.org/conda-forge/linux-64/libzlib-1.2.13-h4ab18f5_6.conda#27329162c0dc732bcf67a4e0cd488125
https://conda.anaconda.org/conda-forge/linux-64/ca-certificates-2024.12.14-hbcca054_0.conda#720523eb0d6a9b0f6120c16b2aa4e7de
https://conda.anaconda.org/conda-forge/linux-64/openssl-3.4.0-h7b32b05_1.conda#4ce6875f75469b2757a65e10a5d05e31
https://conda.anaconda.org/conda-forge/linux-64/zlib-1.2.13-h4ab18f5_6.conda#559d338a4234c2ad6e676f460a093e67
https://conda.anaconda.org/conda-forge/linux-64/perl-net-ssleay-1.92-pl5321hf14f497_1.tar.bz2#b804e5f0621ca70f74bddbde71ceb8ff
https://conda.anaconda.org/bioconda/noarch/perl-io-socket-ssl-2.074-pl5321hdfd78af_0.tar.bz2#848d5e23136422e87522336ba1865a5b
https://conda.anaconda.org/bioconda/noarch/perl-net-http-6.22-pl5321hdfd78af_0.tar.bz2#f3b44f2b9932c3def346e6ad9aabe43d
https://conda.anaconda.org/bioconda/noarch/perl-digest-hmac-1.04-pl5321hdfd78af_0.tar.bz2#872d481415766335aea1abc5b4b0a16d
https://conda.anaconda.org/bioconda/noarch/perl-ntlm-1.09-pl5321hdfd78af_5.tar.bz2#dac95634eb35296b62569c77e2ceef5c
https://conda.anaconda.org/bioconda/noarch/perl-www-robotrules-6.02-pl5321hdfd78af_4.tar.bz2#8305f4ed6306b1125a8c8caf2f05aec8
https://conda.anaconda.org/bioconda/noarch/perl-libwww-perl-6.67-pl5321hdfd78af_0.tar.bz2#9493077e9e1dae0017f0d4cd9baf7de6
https://conda.anaconda.org/bioconda/noarch/perl-exporter-tiny-1.002002-pl5321hdfd78af_0.tar.bz2#4cf435ed1fd536725957dda475522f57
https://conda.anaconda.org/bioconda/linux-64/perl-list-moreutils-xs-0.430-pl5321h7b50bb2_4.tar.bz2#2faf4d797a26967cb15ad2af707375dc
https://conda.anaconda.org/bioconda/noarch/perl-list-moreutils-0.430-pl5321hdfd78af_0.tar.bz2#7f04c79d216d0f8e7b6d5a51de4aafa0
https://conda.anaconda.org/bioconda/noarch/perl-mozilla-ca-20211001-pl5321hdfd78af_0.tar.bz2#3143471a42244ba6dd52fb8f156a3915
https://conda.anaconda.org/bioconda/noarch/perl-test-requiresinternet-0.05-pl5321hdfd78af_1.tar.bz2#715b1cf617730df28080c5c3981212e4
https://conda.anaconda.org/bioconda/noarch/perl-lwp-protocol-https-6.10-pl5321hdfd78af_0.tar.bz2#6ad432164666124b1cd2ded4865a0e89
https://conda.anaconda.org/conda-forge/noarch/perl-xsloader-0.24-pl5321hd8ed1ab_0.tar.bz2#0f34739daf8b7063716d75669ca1992d
https://conda.anaconda.org/bioconda/linux-64/perl-params-util-1.102-pl5321h9f5acd7_1.tar.bz2#ae64c3bec71ff879c45ca75a3f479e23
https://conda.anaconda.org/bioconda/noarch/perl-sub-install-0.928-pl5321hdfd78af_3.tar.bz2#467c370cf5f59126b494394e14ad7eff
https://conda.anaconda.org/conda-forge/linux-64/perl-data-optlist-0.113-pl5321ha770c72_0.conda#c043a75299606ffd92263fbec9577d52
https://conda.anaconda.org/bioconda/noarch/perl-module-runtime-0.016-pl5321hdfd78af_2.tar.bz2#a7afc95ab783e0b7c3671fa5e4de9b2f
https://conda.anaconda.org/bioconda/noarch/perl-module-implementation-0.09-pl5321hdfd78af_3.tar.bz2#637e4d02c336d89f356090017ee86ba9
https://conda.anaconda.org/bioconda/linux-64/perl-pathtools-3.75-pl5321hec16e2b_3.tar.bz2#9afaabf835f20ff137b71dd25022687d
https://conda.anaconda.org/bioconda/noarch/perl-apache-test-1.43-pl5321hdfd78af_0.tar.bz2#ca6ad895327bcacb0b0e9862f069f876
https://conda.anaconda.org/conda-forge/noarch/perl-app-cpanminus-1.7048-pl5321hd8ed1ab_0.conda#adb8fae79589a7bb03aa9ad976e3bd92
https://conda.anaconda.org/bioconda/noarch/perl-dist-checkconflicts-0.11-pl5321hdfd78af_3.tar.bz2#14523c5e72424a046aea813992e6db29
https://conda.anaconda.org/bioconda/noarch/perl-getopt-long-2.58-pl5321hdfd78af_0.tar.bz2#10469a3defbd6dbab17d3d10dd6fd828
https://conda.anaconda.org/conda-forge/linux-64/perl-package-stash-xs-0.30-pl5321h0b41bf4_0.conda#63a8b20d0b2649b4c07d4f995b0c51c0
https://conda.anaconda.org/bioconda/linux-64/perl-package-stash-0.40-pl5321h87f3376_1.tar.bz2#bc9e29e8c6022f04dc34e9be0377bec1
https://conda.anaconda.org/bioconda/noarch/perl-class-load-0.25-pl5321hdfd78af_1.tar.bz2#1aa9bd26f4856a406b48a008e2e72630
https://conda.anaconda.org/bioconda/linux-64/perl-class-load-xs-0.10-pl5321h9f5acd7_6.tar.bz2#c2255abeeb97d217985869c7ef511508
https://conda.anaconda.org/bioconda/linux-64/perl-version-0.9924-pl5321hec16e2b_2.tar.bz2#1762061f848a0fd384961434acfa18c6
https://conda.anaconda.org/bioconda/noarch/perl-cpan-meta-requirements-2.143-pl5321hdfd78af_0.tar.bz2#42dcfa3f6ccd74bcc3ec405c5bb7f335
https://conda.anaconda.org/bioconda/noarch/perl-module-metadata-1.000038-pl5321hdfd78af_0.tar.bz2#6c6b4402273544a7e543ab2640b5d369
https://conda.anaconda.org/bioconda/noarch/perl-cpan-meta-check-0.014-pl5321hdfd78af_1.tar.bz2#978193efe5c9ac15316a169a5bd80a86
https://conda.anaconda.org/bioconda/noarch/perl-sub-exporter-progressive-0.001013-pl5321hdfd78af_1.tar.bz2#f01fd1c6f67d21a33090b3a52b1d97f8
https://conda.anaconda.org/bioconda/noarch/perl-devel-globaldestruction-0.14-pl5321hdfd78af_1.tar.bz2#64eaea15d830868c6d84b537a443b151
https://conda.anaconda.org/bioconda/noarch/perl-mro-compat-0.15-pl5321hdfd78af_0.tar.bz2#b435974ea02a59f280e48b44f93091cb
https://conda.anaconda.org/bioconda/linux-64/perl-sub-identify-0.14-pl5321hec16e2b_2.tar.bz2#f36c9c3c5c57865ed7107286403fb35c
https://conda.anaconda.org/bioconda/noarch/perl-devel-overloadinfo-0.007-pl5321hdfd78af_0.tar.bz2#2a0fdd71fc178718d84758550a7bfb85
https://conda.anaconda.org/bioconda/noarch/perl-devel-stacktrace-2.04-pl5321hdfd78af_1.tar.bz2#7446f526072f9ed4518e90d0575f962e
https://conda.anaconda.org/bioconda/linux-64/perl-eval-closure-0.14-pl5321h9f5acd7_6.tar.bz2#1339fd6a2aa5fd2a58b94934e36d8fcf
https://conda.anaconda.org/bioconda/noarch/perl-module-runtime-conflicts-0.003-pl5321hdfd78af_1.tar.bz2#0aeb5e85a3fb4354d24e7448c937107e
https://conda.anaconda.org/bioconda/linux-64/perl-sub-name-0.21-pl5321hec16e2b_3.tar.bz2#023b9b959ba0735ab9e1293735a831c8
https://conda.anaconda.org/bioconda/noarch/perl-package-deprecationmanager-0.17-pl5321hdfd78af_1.tar.bz2#6157421a59e31ce8e9e5681b3179bf75
https://conda.anaconda.org/bioconda/noarch/perl-sub-exporter-0.988-pl5321hdfd78af_0.tar.bz2#0940b3a8d422b87b77e7706a631ac23a
https://conda.anaconda.org/bioconda/linux-64/perl-moose-2.2202-pl5321hec16e2b_0.tar.bz2#41211d7aecd711aa1124d371076a41ee
https://conda.anaconda.org/bioconda/noarch/perl-sort-naturally-1.03-pl5321hdfd78af_3.tar.bz2#ebdb24c8947a440e87e665c95780b15d
https://conda.anaconda.org/bioconda/linux-64/perl-io-tty-1.16-pl5321hec16e2b_1.tar.bz2#60874d6780744ee9b424e38292464ceb
https://conda.anaconda.org/bioconda/noarch/perl-ipc-run-20200505.0-pl5321hdfd78af_0.tar.bz2#b0234081e5c5fd205c900dd9bc920da6
https://conda.anaconda.org/bioconda/noarch/perl-regexp-common-2017060201-pl5321hdfd78af_1.tar.bz2#305070916169eec81f5d5a6461e0973d
https://conda.anaconda.org/bioconda/noarch/perl-vars-1.03-pl5321hdfd78af_2.tar.bz2#e2c07501c12ad5a3f1acbbbc77c186b3
https://conda.anaconda.org/bioconda/noarch/perl-text-balanced-2.06-pl5321hdfd78af_0.tar.bz2#10d87ad4ab66d5d57bf39a7386345837
https://conda.anaconda.org/bioconda/noarch/perl-text-wrap-2021.0814-pl5321hdfd78af_0.tar.bz2#2c6a59b5eb8570b3c9117b12358279d5
https://conda.anaconda.org/conda-forge/linux-64/tk-8.6.13-noxft_h4845f30_101.conda#d453b98d9c83e71da0741bb0ff4d76bc
https://conda.anaconda.org/conda-forge/linux-64/bwidget-1.10.1-ha770c72_0.conda#bfe52ddc809cff2e046781928d195400
https://conda.anaconda.org/conda-forge/linux-64/bzip2-1.0.8-h4bc722e_7.conda#62ee74e96c5ebb0af99386de58cf9553
https://conda.anaconda.org/conda-forge/linux-64/libexpat-2.6.4-h5888daf_0.conda#db833e03127376d461e1e13e76f09b6c
https://conda.anaconda.org/conda-forge/linux-64/expat-2.6.4-h5888daf_0.conda#1d6afef758879ef5ee78127eb4cd2c4a
https://conda.anaconda.org/conda-forge/linux-64/libpng-1.6.43-h2797004_0.conda#009981dd9cfcaa4dbfa25ffaed86bcae
https://conda.anaconda.org/conda-forge/linux-64/freetype-2.12.1-h267a509_2.conda#9ae35c3d96db2c94ce0cef86efdfa2cb
https://conda.anaconda.org/conda-forge/linux-64/libuuid-2.38.1-h0b41bf4_0.conda#40b61aab5c7ba9ff276c41cfffe6b80b
https://conda.anaconda.org/conda-forge/linux-64/fontconfig-2.14.2-h14ed4e7_0.conda#0f69b688f52ff6da70bccb7ff7001d1d
https://conda.anaconda.org/conda-forge/noarch/font-ttf-dejavu-sans-mono-2.37-hab24e00_0.tar.bz2#0c96522c6bdaed4b1566d11387caaf45
https://conda.anaconda.org/conda-forge/noarch/font-ttf-inconsolata-3.000-h77eed37_0.tar.bz2#34893075a5c9e55cdafac56607368fc6
https://conda.anaconda.org/conda-forge/noarch/font-ttf-source-code-pro-2.038-h77eed37_0.tar.bz2#4d59c254e01d9cde7957100457e2d5fb
https://conda.anaconda.org/conda-forge/noarch/font-ttf-ubuntu-0.83-h77eed37_3.conda#49023d73832ef61042f6a237cb2687e7
https://conda.anaconda.org/conda-forge/noarch/fonts-conda-forge-1-0.tar.bz2#f766549260d6815b0c52253f1fb1bb29
https://conda.anaconda.org/conda-forge/noarch/fonts-conda-ecosystem-1-0.tar.bz2#fee5683a3f04bd15cbd8318b096a27ab
https://conda.anaconda.org/conda-forge/linux-64/icu-73.2-h59595ed_0.conda#cc47e1facc155f91abd89b11e48e72ff
https://conda.anaconda.org/conda-forge/linux-64/libffi-3.4.2-h7f98852_5.tar.bz2#d645c6d2ac96843a2bfaccd2d62b3ac3
https://conda.anaconda.org/conda-forge/linux-64/libiconv-1.17-hd590300_2.conda#d66573916ffcf376178462f1b61c941e
https://conda.anaconda.org/conda-forge/linux-64/pcre2-10.43-hcad00b1_0.conda#8292dea9e022d9610a11fce5e0896ed8
https://conda.anaconda.org/conda-forge/linux-64/libglib-2.80.2-hf974151_0.conda#72724f6a78ecb15559396966226d5838
https://conda.anaconda.org/conda-forge/linux-64/pthread-stubs-0.4-hb9d3cd8_1002.conda#b3c17d95b5a10c6e64a21fa17573e70e
https://conda.anaconda.org/conda-forge/linux-64/xorg-libxau-1.0.12-hb9d3cd8_0.conda#f6ebe2cb3f82ba6c057dde5d9debe4f7
https://conda.anaconda.org/conda-forge/linux-64/xorg-libxdmcp-1.1.5-hb9d3cd8_0.conda#8035c64cb77ed555e3f150b7b3972480
https://conda.anaconda.org/conda-forge/linux-64/libxcb-1.15-h0b41bf4_0.conda#33277193f5b92bad9fdd230eb700929c
https://conda.anaconda.org/conda-forge/linux-64/pixman-0.44.2-h29eaf8c_0.conda#5e2a7acfa2c24188af39e7944e1b3604
https://conda.anaconda.org/conda-forge/linux-64/xorg-libice-1.1.2-hb9d3cd8_0.conda#fb901ff28063514abb6046c9ec2c4a45
https://conda.anaconda.org/conda-forge/linux-64/xorg-libsm-1.2.5-he73a12e_0.conda#4c3e9fab69804ec6077697922d70c6e2
https://conda.anaconda.org/conda-forge/linux-64/xorg-kbproto-1.0.7-hb9d3cd8_1003.conda#e87bfacb110d85e1eb6099c9ed8e7236
https://conda.anaconda.org/conda-forge/linux-64/xorg-xextproto-7.3.0-hb9d3cd8_1004.conda#bc4cd53a083b6720d61a1519a1900878
https://conda.anaconda.org/conda-forge/linux-64/xorg-xproto-7.0.31-hb9d3cd8_1008.conda#a63f5b66876bb1ec734ab4bdc4d11e86
https://conda.anaconda.org/conda-forge/linux-64/xorg-libx11-1.8.9-h8ee46fc_0.conda#077b6e8ad6a3ddb741fce2496dd01bec
https://conda.anaconda.org/conda-forge/linux-64/xorg-libxext-1.3.4-h0b41bf4_2.conda#82b6df12252e6f32402b96dacc656fec
https://conda.anaconda.org/conda-forge/linux-64/xorg-renderproto-0.11.1-hb9d3cd8_1003.conda#bf90782559bce8447609933a7d45995a
https://conda.anaconda.org/conda-forge/linux-64/xorg-libxrender-0.9.11-hd590300_0.conda#ed67c36f215b310412b2af935bf3e530
https://conda.anaconda.org/conda-forge/linux-64/cairo-1.18.0-h3faef2a_0.conda#f907bb958910dc404647326ca80c263e
https://conda.anaconda.org/conda-forge/linux-64/keyutils-1.6.1-h166bdaf_0.tar.bz2#30186d27e2c9fa62b45fb1476b7200e3
https://conda.anaconda.org/conda-forge/linux-64/ncurses-6.5-h2d0b736_2.conda#04b34b9a40cdc48cfdab261ab176ff74
https://conda.anaconda.org/conda-forge/linux-64/libedit-3.1.20240808-pl5321h7949ede_0.conda#8247f80f3dc464d9322e85007e307fe8
https://conda.anaconda.org/conda-forge/linux-64/krb5-1.21.3-h659f571_0.conda#3f43953b7d3fb3aaa1d0d0723d91e368
https://conda.anaconda.org/conda-forge/linux-64/c-ares-1.34.4-hb9d3cd8_0.conda#e2775acf57efd5af15b8e3d1d74d72d3
https://conda.anaconda.org/conda-forge/linux-64/libev-4.33-hd590300_2.conda#172bf1cd1ff8629f2b1179945ed45055
https://conda.anaconda.org/conda-forge/linux-64/libnghttp2-1.58.0-h47da74e_1.conda#700ac6ea6d53d5510591c4344d5c989a
https://conda.anaconda.org/conda-forge/linux-64/libssh2-1.11.0-h0841786_0.conda#1f5a58e686b13bcfde88b93f547d23fe
https://conda.anaconda.org/conda-forge/linux-64/zstd-1.5.6-ha6fb4c9_0.conda#4d056880988120e29d75bfff282e0f45
https://conda.anaconda.org/conda-forge/linux-64/libcurl-8.8.0-hca28451_1.conda#b8afb3e3cb3423cc445cf611ab95fdb0
https://conda.anaconda.org/conda-forge/linux-64/curl-8.8.0-he654da7_1.conda#78678b2ddfd9bd7c7861b8d2e3b7473b
https://conda.anaconda.org/conda-forge/linux-64/ld_impl_linux-64-2.43-h712a8e2_2.conda#048b02e3962f066da18efe3a21b77672
https://conda.anaconda.org/conda-forge/noarch/kernel-headers_linux-64-3.10.0-he073ed8_18.conda#ad8527bf134a90e1c9ed35fa0b64318c
https://conda.anaconda.org/conda-forge/noarch/tzdata-2025a-h78e105d_0.conda#dbcace4706afdfb7eb891f7b37d07c04
https://conda.anaconda.org/conda-forge/noarch/sysroot_linux-64-2.17-h0157908_18.conda#460eba7851277ec1fd80a1a24080787a
https://conda.anaconda.org/conda-forge/linux-64/binutils_impl_linux-64-2.43-h4bf12b8_2.conda#cf0c5521ac2a20dfa6c662a4009eeef6
https://conda.anaconda.org/conda-forge/noarch/libgcc-devel_linux-64-14.2.0-h41c2201_101.conda#fb126e22f5350c15fec6ddbd062f4871
https://conda.anaconda.org/conda-forge/linux-64/libsanitizer-14.2.0-h2a3dede_1.conda#160623b9425f5c04941586da43bd1a9c
https://conda.anaconda.org/conda-forge/linux-64/gcc_impl_linux-64-14.2.0-h6b349bd_1.conda#0551d01d65027359bf011c049f9c6401
https://conda.anaconda.org/conda-forge/linux-64/libgfortran5-14.2.0-hd5240d6_1.conda#9822b874ea29af082e5d36098d25427d
https://conda.anaconda.org/conda-forge/linux-64/gfortran_impl_linux-64-14.2.0-hc73f493_1.conda#131a59b3bb1dbbfc63ec0f21eb0e8c65
https://conda.anaconda.org/conda-forge/noarch/libstdcxx-devel_linux-64-14.2.0-h41c2201_101.conda#60b9a16fd147f7184b5a964aa08f3b0f
https://conda.anaconda.org/conda-forge/linux-64/gxx_impl_linux-64-14.2.0-h2c03514_1.conda#41664acd4c99ef4d192e12950ff68ca6
https://conda.anaconda.org/conda-forge/linux-64/libgfortran-14.2.0-h69a702a_1.conda#f1fd30127802683586f768875127a987
https://conda.anaconda.org/conda-forge/linux-64/libopenblas-0.3.28-pthreads_h94d23a6_1.conda#62857b389e42b36b686331bec0922050
https://conda.anaconda.org/conda-forge/linux-64/libblas-3.9.0-26_linux64_openblas.conda#ac52800af2e0c0e7dac770b435ce768a
https://conda.anaconda.org/conda-forge/linux-64/libdeflate-1.20-hd590300_0.conda#8e88f9389f1165d7c0936fe40d9a9a79
https://conda.anaconda.org/conda-forge/linux-64/libgfortran-ng-14.2.0-h69a702a_1.conda#0a7f4cd238267c88e5d69f7826a407eb
https://conda.anaconda.org/conda-forge/linux-64/libjpeg-turbo-3.0.0-hd590300_1.conda#ea25936bb4080d843790b586850f82b8
https://conda.anaconda.org/conda-forge/linux-64/liblapack-3.9.0-26_linux64_openblas.conda#3792604c43695d6a273bc5faaac47d48
https://conda.anaconda.org/conda-forge/linux-64/lerc-4.0.0-h27087fc_0.tar.bz2#76bbff344f0134279f225174e9064c8f
https://conda.anaconda.org/conda-forge/linux-64/libwebp-base-1.5.0-h851e524_0.conda#63f790534398730f59e1b899c3644d4a
https://conda.anaconda.org/conda-forge/linux-64/liblzma-5.6.3-hb9d3cd8_1.conda#2ecf2f1c7e4e21fcfe6423a51a992d84
https://conda.anaconda.org/conda-forge/linux-64/liblzma-devel-5.6.3-hb9d3cd8_1.conda#cc4687e1814ed459f3bd6d8e05251ab2
https://conda.anaconda.org/conda-forge/linux-64/xz-gpl-tools-5.6.3-hbcc6ac9_1.conda#f529917bab7862aaad6867bf2ea47a99
https://conda.anaconda.org/conda-forge/linux-64/xz-tools-5.6.3-hb9d3cd8_1.conda#de3f31a6eed01bc2b8c7dcad07ad9034
https://conda.anaconda.org/conda-forge/linux-64/xz-5.6.3-hbcc6ac9_1.conda#62aae173382a8aae284726353c6a6a24
https://conda.anaconda.org/conda-forge/linux-64/libtiff-4.6.0-h1dd3fc0_3.conda#66f03896ffbe1a110ffda05c7a856504
https://conda.anaconda.org/conda-forge/linux-64/make-4.4.1-hb9d3cd8_2.conda#33405d2a66b1411db9f7242c8b97c9e7
https://conda.anaconda.org/conda-forge/linux-64/fribidi-1.0.10-h36c2ea0_0.tar.bz2#ac7bc6a654f8f41b352b38f4051135f8
https://conda.anaconda.org/conda-forge/linux-64/graphite2-1.3.13-h59595ed_1003.conda#f87c7b7c2cb45f323ffbce941c78ab7c
https://conda.anaconda.org/conda-forge/linux-64/harfbuzz-9.0.0-hfac3d4d_0.conda#c7b47c64af53e8ecee01d101eeab2342
https://conda.anaconda.org/conda-forge/linux-64/pango-1.54.0-h4c5309f_1.conda#7df02e445367703cd87a574046e3a6f0
https://conda.anaconda.org/conda-forge/linux-64/readline-8.2-h8228510_1.conda#47d31b792659ce70f470b5c82fdfb7a4
https://conda.anaconda.org/conda-forge/linux-64/sed-4.8-he412f7d_0.tar.bz2#7362f0042e95681f5d371c46c83ebd08
https://conda.anaconda.org/conda-forge/linux-64/tktable-2.10-h8bc8fbc_6.conda#dff3627fec2c0584ded391205295abf0
https://conda.anaconda.org/conda-forge/linux-64/xorg-libxt-1.3.0-hd590300_1.conda#ae92aab42726eb29d16488924f7312cb
https://conda.anaconda.org/conda-forge/linux-64/r-base-4.4.0-h019f4a6_1.conda#09b5599e6046033cefeec9f6f3ea8fe2
https://conda.anaconda.org/bioconda/noarch/perl-statistics-r-0.34-pl5321r44hdfd78af_7.tar.bz2#3d87dcf77b8b0333ede9a9f32bd695a8
https://conda.anaconda.org/bioconda/noarch/perl-pod-escapes-1.07-pl5321hdfd78af_2.tar.bz2#74a0d5297d6771288ffd05bd596244bb
https://conda.anaconda.org/bioconda/noarch/perl-test-harness-3.44-pl5321hdfd78af_0.tar.bz2#f6a9c19b95737821062fbe49c4fcd4e1
https://conda.anaconda.org/bioconda/noarch/perl-test-1.26-pl5321hdfd78af_2.tar.bz2#afed521c86e8cf7a9b170e3de9fccb86
https://conda.anaconda.org/bioconda/linux-64/perl-class-methodmaker-2.25-pl5321h7b50bb2_1.tar.bz2#0edda209b609ccf126b526ffb518be8c
https://conda.anaconda.org/bioconda/noarch/perl-term-progressbar-2.22-pl5321hdfd78af_1.tar.bz2#5bbc7c54e4c5fefbf2148eef0fba6b65
https://conda.anaconda.org/bioconda/noarch/perl-yaml-1.30-pl5321hdfd78af_0.tar.bz2#da9ef80f4c4c2374d7f4ec7af6d96b6a
https://conda.anaconda.org/bioconda/noarch/agat-1.4.2-pl5321hdfd78af_1.tar.bz2#fe9c3b9e458e15ea7bd058b728150dfb
https://conda.anaconda.org/conda-forge/linux-64/libnsl-2.0.1-hd590300_0.conda#30fd6e37fe21f86f4bd26d6ee73eeec7
https://conda.anaconda.org/conda-forge/linux-64/libsqlite-3.46.0-hde9e2c9_0.conda#18aa975d2094c34aef978060ae7da7d8
https://conda.anaconda.org/conda-forge/linux-64/python-3.12.3-hab00c5b_0_cpython.conda#2540b74d304f71d3e89c81209db4db84
https://conda.anaconda.org/conda-forge/noarch/exceptiongroup-1.2.2-pyhd8ed1ab_1.conda#a16662747cdeb9abbac74d0057cc976e
https://conda.anaconda.org/conda-forge/noarch/idna-3.10-pyhd8ed1ab_1.conda#39a4f67be3286c86d696df570b1201b7
https://conda.anaconda.org/conda-forge/noarch/sniffio-1.3.1-pyhd8ed1ab_1.conda#bf7a226e58dfb8346c70df36065d86c9
https://conda.anaconda.org/conda-forge/noarch/typing_extensions-4.12.2-pyha770c72_1.conda#d17f13df8b65464ca316cbc000a3cb64
https://conda.anaconda.org/conda-forge/noarch/anyio-4.8.0-pyhd8ed1ab_0.conda#848d25bfbadf020ee4d4ba90e5668252
https://conda.anaconda.org/conda-forge/noarch/pycparser-2.22-pyh29332c3_1.conda#12c566707c80111f9799308d9e265aef
https://conda.anaconda.org/conda-forge/linux-64/python_abi-3.12-5_cp312.conda#0424ae29b104430108f5218a66db7260
https://conda.anaconda.org/conda-forge/linux-64/cffi-1.17.1-py312h06ac9bb_0.conda#a861504bbea4161a9170b85d4d2be840
https://conda.anaconda.org/conda-forge/linux-64/argon2-cffi-bindings-21.2.0-py312h66e93f0_5.conda#1505fc57c305c0a3174ea7aae0a0db25
https://conda.anaconda.org/conda-forge/noarch/typing-extensions-4.12.2-hd8ed1ab_1.conda#b6a408c64b78ec7b779a3e5c7a902433
https://conda.anaconda.org/conda-forge/noarch/argon2-cffi-23.1.0-pyhd8ed1ab_1.conda#a7ee488b71c30ada51c48468337b85ba
https://conda.anaconda.org/conda-forge/linux-64/libxml2-2.12.7-hc051c1a_1.conda#340278ded8b0dc3a73f3660bbb0adbc6
https://conda.anaconda.org/conda-forge/linux-64/aria2-1.37.0-h347180d_1.conda#994e82762f73b1e037c1445a109c1a01
https://conda.anaconda.org/conda-forge/noarch/six-1.17.0-pyhd8ed1ab_0.conda#a451d576819089b0d672f18768be0f65
https://conda.anaconda.org/conda-forge/noarch/python-dateutil-2.9.0.post0-pyhff2d567_1.conda#5ba79d7c71f03c678c8ead841f347d6e
https://conda.anaconda.org/conda-forge/noarch/types-python-dateutil-2.9.0.20241206-pyhd8ed1ab_0.conda#1dbc4a115e2ad9fb7f9d5b68397f66f9
https://conda.anaconda.org/conda-forge/noarch/arrow-1.3.0-pyhd8ed1ab_1.conda#46b53236fdd990271b03c3978d4218a9
https://conda.anaconda.org/conda-forge/noarch/asttokens-3.0.0-pyhd8ed1ab_1.conda#8f587de4bcf981e26228f268df374a9b
https://conda.anaconda.org/conda-forge/noarch/async-lru-2.0.4-pyhd8ed1ab_1.conda#40c673c7d585623b8f1ee650c8734eb6
https://conda.anaconda.org/conda-forge/noarch/attrs-24.3.0-pyh71513ae_0.conda#356927ace43302bf6f5926e2a58dae6a
https://conda.anaconda.org/conda-forge/noarch/pytz-2024.1-pyhd8ed1ab_0.conda#3eeeeb9e4827ace8c0c1419c85d590ad
https://conda.anaconda.org/conda-forge/noarch/babel-2.16.0-pyhd8ed1ab_1.conda#3e23f7db93ec14c80525257d8affac28
https://conda.anaconda.org/conda-forge/noarch/soupsieve-2.5-pyhd8ed1ab_1.conda#3f144b2c34f8cb5a9abd9ed23a39c561
https://conda.anaconda.org/conda-forge/noarch/beautifulsoup4-4.12.3-pyha770c72_1.conda#d48f7e9fdec44baf6d1da416fe402b04
https://conda.anaconda.org/bioconda/linux-64/bedtools-2.31.1-hf5e1c6e_2.tar.bz2#55aacbd977c83d6d4849c91310ef48c5
https://conda.anaconda.org/conda-forge/linux-64/libcblas-3.9.0-26_linux64_openblas.conda#ebcc5f37a435aa3c19640533c82f8d76
https://conda.anaconda.org/conda-forge/linux-64/numpy-2.2.2-py312h72c5963_0.conda#7e984cb31e0366d1812096b41b361425
https://conda.anaconda.org/conda-forge/linux-64/biopython-1.85-py312h66e93f0_1.conda#1d1f8838e26ff73784990e7ca8e4b9a5
https://conda.anaconda.org/conda-forge/linux-64/gettext-tools-0.22.5-he02047a_3.conda#fcd2016d1d299f654f81021e27496818
https://conda.anaconda.org/conda-forge/linux-64/libasprintf-0.22.5-he8f35ee_3.conda#4fab9799da9571266d05ca5503330655
https://conda.anaconda.org/conda-forge/linux-64/libasprintf-devel-0.22.5-he8f35ee_3.conda#1091193789bb830127ed067a9e01ac57
https://conda.anaconda.org/conda-forge/linux-64/libgettextpo-0.22.5-he02047a_3.conda#efab66b82ec976930b96d62a976de8e7
https://conda.anaconda.org/conda-forge/linux-64/libgettextpo-devel-0.22.5-he02047a_3.conda#9aba7960731e6b4547b3a52f812ed801
https://conda.anaconda.org/conda-forge/linux-64/gettext-0.22.5-he02047a_3.conda#c7f243bbaea97cd6ea1edd693270100e
https://conda.anaconda.org/conda-forge/linux-64/libunistring-0.9.10-h7f98852_0.tar.bz2#7245a044b4a1980ed83196176b78b73a
https://conda.anaconda.org/conda-forge/linux-64/libidn2-2.3.7-hd590300_0.conda#2b7b0d827c6447cc1d85dc06d5b5de46
https://conda.anaconda.org/conda-forge/linux-64/wget-1.21.4-hda4d442_0.conda#361e96b664eac64a33c20dfd11affbff
https://conda.anaconda.org/bioconda/linux-64/entrez-direct-22.4-he881be0_0.tar.bz2#0994f567f11543b7aea1afce884c2ce6
https://conda.anaconda.org/bioconda/linux-64/ncbi-vdb-3.2.0-h9948957_0.tar.bz2#8f8905dfc76520846c386c84ba8489dd
https://conda.anaconda.org/bioconda/linux-64/perl-compress-raw-bzip2-2.201-pl5321h87f3376_1.tar.bz2#1f59b739cceb60c0418df32ff64ed0c0
https://conda.anaconda.org/bioconda/linux-64/perl-io-compress-2.201-pl5321h503566f_4.tar.bz2#277af80e8084a228351b9833dd8f2896
https://conda.anaconda.org/bioconda/noarch/perl-io-zlib-1.14-pl5321hdfd78af_0.tar.bz2#eadd0d684a0e22f08cccd6783c97606e
https://conda.anaconda.org/bioconda/noarch/perl-archive-tar-2.40-pl5321hdfd78af_0.tar.bz2#ef5f007762b5ad9425694104d7db4463
https://conda.anaconda.org/bioconda/noarch/perl-common-sense-3.75-pl5321hdfd78af_0.tar.bz2#e2b8ed203949cd454cdfa947b31eef3e
https://conda.anaconda.org/bioconda/noarch/perl-types-serialiser-1.01-pl5321hdfd78af_0.tar.bz2#cfc65753e827bbef80c00eaa395f6ae7
https://conda.anaconda.org/bioconda/linux-64/perl-json-xs-4.03-pl5321h9948957_4.tar.bz2#dac4cd5a18498c564fd4e969fb530bd1
https://conda.anaconda.org/bioconda/noarch/perl-json-4.10-pl5321hdfd78af_1.tar.bz2#c6c43c11e14d90b836f42c611e106ea9
https://conda.anaconda.org/bioconda/linux-64/rpsbproc-0.5.0-h6a68c12_1.tar.bz2#ef373c653f48a754162f5929679a2d8e
https://conda.anaconda.org/bioconda/linux-64/blast-2.16.0-hc155240_3.tar.bz2#488f9f30f2427027f4a5a8b84de9d2dd
https://conda.anaconda.org/conda-forge/noarch/webencodings-0.5.1-pyhd8ed1ab_3.conda#2841eb5bfc75ce15e9a0054b98dcd64d
https://conda.anaconda.org/conda-forge/noarch/bleach-6.2.0-pyh29332c3_4.conda#f0b4c8e370446ef89797608d60a564b3
https://conda.anaconda.org/conda-forge/noarch/tinycss2-1.4.0-pyhd8ed1ab_0.conda#f1acf5fdefa8300de697982bcb1761c9
https://conda.anaconda.org/conda-forge/noarch/bleach-with-css-6.2.0-h82add2a_4.conda#a30e9406c873940383555af4c873220d
https://conda.anaconda.org/conda-forge/linux-64/brotli-python-1.1.0-py312h2ec8cdc_2.conda#b0b867af6fc74b2a0aa206da29c0f3cf
https://conda.anaconda.org/conda-forge/noarch/cached_property-1.5.2-pyha770c72_1.tar.bz2#576d629e47797577ab0f1b351297ef4a
https://conda.anaconda.org/conda-forge/noarch/cached-property-1.5.2-hd8ed1ab_1.tar.bz2#9b347a7ec10940d3f7941ff6c460b551
https://conda.anaconda.org/conda-forge/noarch/certifi-2024.12.14-pyhd8ed1ab_0.conda#6feb87357ecd66733be3279f16a8c400
https://conda.anaconda.org/conda-forge/noarch/charset-normalizer-3.4.1-pyhd8ed1ab_0.conda#e83a31202d1c0a000fce3e9cf3825875
https://conda.anaconda.org/conda-forge/noarch/colorama-0.4.6-pyhd8ed1ab_1.conda#962b9857ee8e7018c22f2776ffa0b2d7
https://conda.anaconda.org/conda-forge/noarch/traitlets-5.14.3-pyhd8ed1ab_1.conda#019a7385be9af33791c989871317e1ed
https://conda.anaconda.org/conda-forge/noarch/comm-0.2.2-pyhd8ed1ab_1.conda#74673132601ec2b7fc592755605f4c1b
https://conda.anaconda.org/conda-forge/linux-64/debugpy-1.8.12-py312h2ec8cdc_0.conda#6be6dcb4bffd1d456bdad28341d507bd
https://conda.anaconda.org/conda-forge/noarch/decorator-5.1.1-pyhd8ed1ab_1.conda#d622d8d7ee8868870f9cbe259f381181
https://conda.anaconda.org/conda-forge/noarch/defusedxml-0.7.1-pyhd8ed1ab_0.tar.bz2#961b3a227b437d82ad7054484cfa71b2
https://conda.anaconda.org/bioconda/linux-64/diamond-2.1.10-h43eeafb_2.tar.bz2#ae4c9c38de0b43274a1f21fc69042af8
https://conda.anaconda.org/conda-forge/noarch/entrypoints-0.4-pyhd8ed1ab_1.conda#3366592d3c219f2731721f11bc93755c
https://conda.anaconda.org/conda-forge/noarch/executing-2.1.0-pyhd8ed1ab_1.conda#ef8b5fca76806159fc25b4f48d8737eb
https://conda.anaconda.org/bioconda/linux-64/fastme-2.1.6.3-h7b50bb2_1.tar.bz2#4c2c2ac65080caab30d3b735eb867388
https://conda.anaconda.org/bioconda/linux-64/fasttree-2.1.11-h7b50bb2_5.tar.bz2#7d4c9a4caffaaa265fec1bc11cf4a884
https://conda.anaconda.org/conda-forge/noarch/fqdn-1.5.1-pyhd8ed1ab_1.conda#d3549fd50d450b6d9e7dddff25dd2110
https://conda.anaconda.org/conda-forge/linux-64/gmp-6.3.0-hac33072_2.conda#c94a5994ef49749880a8139cf9afcbe1
https://conda.anaconda.org/conda-forge/linux-64/mpfr-4.2.1-h90cbb55_3.conda#2eeb50cab6652538eee8fc0bc3340c81
https://conda.anaconda.org/conda-forge/linux-64/gawk-5.3.1-hcd3d067_0.conda#91d4414ab699180b2b0b10b8112c5a2f
https://conda.anaconda.org/conda-forge/noarch/h11-0.14.0-pyhd8ed1ab_1.conda#7ee49e89531c0dcbba9466f6d115d585
https://conda.anaconda.org/conda-forge/noarch/hpack-4.1.0-pyhd8ed1ab_0.conda#0a802cb9888dd14eeefc611f05c40b6e
https://conda.anaconda.org/conda-forge/noarch/hyperframe-6.1.0-pyhd8ed1ab_0.conda#8e6923fc12f1fe8f8c4e5c9f343256ac
https://conda.anaconda.org/conda-forge/noarch/h2-4.1.0-pyhd8ed1ab_1.conda#825927dc7b0f287ef8d4d0011bb113b1
https://conda.anaconda.org/bioconda/linux-64/hmmer-3.4-h503566f_3.tar.bz2#0536103ba1af5d75454868affd7575c1
https://conda.anaconda.org/conda-forge/noarch/httpcore-1.0.7-pyh29332c3_1.conda#2ca8e6dbc86525c8b95e3c0ffa26442e
https://conda.anaconda.org/conda-forge/noarch/httpx-0.28.1-pyhd8ed1ab_0.conda#d6989ead454181f4f9bc987d3dc4e285
https://conda.anaconda.org/conda-forge/noarch/zipp-3.21.0-pyhd8ed1ab_1.conda#0c3cc595284c5e8f0f9900a9b228a332
https://conda.anaconda.org/conda-forge/noarch/importlib-metadata-8.6.1-pyha770c72_0.conda#f4b39bf00c69f56ac01e020ebfac066c
https://conda.anaconda.org/conda-forge/noarch/importlib_resources-6.5.2-pyhd8ed1ab_0.conda#c85c76dc67d75619a92f51dfbce06992
https://conda.anaconda.org/conda-forge/noarch/parso-0.8.4-pyhd8ed1ab_1.conda#5c092057b6badd30f75b06244ecd01c9
https://conda.anaconda.org/conda-forge/noarch/jedi-0.19.2-pyhd8ed1ab_1.conda#a4f4c5dc9b80bc50e0d3dc4e6e8f1bd9
https://conda.anaconda.org/conda-forge/noarch/matplotlib-inline-0.1.7-pyhd8ed1ab_1.conda#af6ab708897df59bd6e7283ceab1b56b
https://conda.anaconda.org/conda-forge/noarch/ptyprocess-0.7.0-pyhd8ed1ab_1.conda#7d9daffbb8d8e0af0f769dbbcd173a54
https://conda.anaconda.org/conda-forge/noarch/pexpect-4.9.0-pyhd8ed1ab_1.conda#d0d408b1f18883a944376da5cf8101ea
https://conda.anaconda.org/conda-forge/noarch/pickleshare-0.7.5-pyhd8ed1ab_1004.conda#11a9d1d09a3615fc07c3faf79bc0b943
https://conda.anaconda.org/conda-forge/noarch/wcwidth-0.2.13-pyhd8ed1ab_1.conda#b68980f2495d096e71c7fd9d7ccf63e6
https://conda.anaconda.org/conda-forge/noarch/prompt-toolkit-3.0.50-pyha770c72_0.conda#7d823138f550b14ecae927a5ff3286de
https://conda.anaconda.org/conda-forge/noarch/pygments-2.19.1-pyhd8ed1ab_0.conda#232fb4577b6687b2d503ef8e254270c9
https://conda.anaconda.org/conda-forge/noarch/pure_eval-0.2.3-pyhd8ed1ab_1.conda#3bfdfb8dbcdc4af1ae3f9a8eb3948f04
https://conda.anaconda.org/conda-forge/noarch/stack_data-0.6.3-pyhd8ed1ab_1.conda#b1b505328da7a6b246787df4b5a49fbc
https://conda.anaconda.org/conda-forge/noarch/ipython-8.31.0-pyh707e725_0.conda#1d7fcd803dfa936a6c3bd051b293241c
https://conda.anaconda.org/conda-forge/noarch/platformdirs-4.3.6-pyhd8ed1ab_1.conda#577852c7e53901ddccc7e6a9959ddebe
https://conda.anaconda.org/conda-forge/noarch/jupyter_core-5.7.2-pyh31011fe_1.conda#0a2980dada0dd7fd0998f0342308b1b1
https://conda.anaconda.org/conda-forge/linux-64/libsodium-1.0.20-h4ab18f5_0.conda#a587892d3c13b6621a6091be690dbca2
https://conda.anaconda.org/conda-forge/linux-64/zeromq-4.3.5-h3b0a872_7.conda#3947a35e916fcc6b9825449affbf4214
https://conda.anaconda.org/conda-forge/linux-64/pyzmq-26.2.0-py312hbf22597_3.conda#746ce19f0829ec3e19c93007b1a224d3
https://conda.anaconda.org/conda-forge/linux-64/tornado-6.4.2-py312h66e93f0_0.conda#e417822cb989e80a0d2b1b576fdd1657
https://conda.anaconda.org/conda-forge/noarch/jupyter_client-8.6.3-pyhd8ed1ab_1.conda#4ebae00eae9705b0c3d6d1018a81d047
https://conda.anaconda.org/conda-forge/noarch/nest-asyncio-1.6.0-pyhd8ed1ab_1.conda#598fd7d4d0de2455fb74f56063969a97
https://conda.anaconda.org/conda-forge/noarch/packaging-24.2-pyhd8ed1ab_2.conda#3bfed7e6228ebf2f7b9eaa47f1b4e2aa
https://conda.anaconda.org/conda-forge/linux-64/psutil-6.1.1-py312h66e93f0_0.conda#add2c79595fa8a9b6d653d7e4e2cf05f
https://conda.anaconda.org/conda-forge/noarch/ipykernel-6.29.5-pyh3099207_0.conda#b40131ab6a36ac2c09b7c57d4d3fbf99
https://conda.anaconda.org/conda-forge/noarch/jupyterlab_widgets-3.0.13-pyhd8ed1ab_1.conda#b26e487434032d7f486277beb0cead3a
https://conda.anaconda.org/conda-forge/noarch/widgetsnbextension-4.0.13-pyhd8ed1ab_1.conda#237db148cc37a466e4222d589029b53e
https://conda.anaconda.org/conda-forge/noarch/ipywidgets-8.1.5-pyhd8ed1ab_1.conda#bb19ad65196475ab6d0bb3532d7f8d96
https://conda.anaconda.org/bioconda/linux-64/iqtree-2.3.6-h503566f_1.tar.bz2#ac8a2c76f49a5cb40e74b261e0c1ed4d
https://conda.anaconda.org/conda-forge/noarch/isoduration-20.11.0-pyhd8ed1ab_1.conda#0b0154421989637d424ccf0f104be51a
https://conda.anaconda.org/conda-forge/linux-64/markupsafe-3.0.2-py312h178313f_1.conda#eb227c3e0bf58f5bd69c0532b157975b
https://conda.anaconda.org/conda-forge/noarch/jinja2-3.1.5-pyhd8ed1ab_0.conda#2752a6ed44105bfb18c9bef1177d9dcd
https://conda.anaconda.org/conda-forge/noarch/json5-0.10.0-pyhd8ed1ab_1.conda#cd170f82d8e5b355dfdea6adab23e4af
https://conda.anaconda.org/conda-forge/linux-64/jsonpointer-3.0.0-py312h7900ff3_1.conda#6b51f7459ea4073eeb5057207e2e1e3d
https://conda.anaconda.org/conda-forge/linux-64/rpds-py-0.22.3-py312h12e396e_0.conda#bfb49da0cc9098597d527def04d66f8b
https://conda.anaconda.org/conda-forge/noarch/referencing-0.36.1-pyhd8ed1ab_0.conda#dbb48421efd666ea133c6d5e67291766
https://conda.anaconda.org/conda-forge/noarch/jsonschema-specifications-2024.10.1-pyhd8ed1ab_1.conda#3b519bc21bc80e60b456f1e62962a766
https://conda.anaconda.org/conda-forge/noarch/pkgutil-resolve-name-1.3.10-pyhd8ed1ab_2.conda#5a5870a74432aa332f7d32180633ad05
https://conda.anaconda.org/conda-forge/noarch/jsonschema-4.23.0-pyhd8ed1ab_1.conda#a3cead9264b331b32fe8f0aabc967522
https://conda.anaconda.org/conda-forge/noarch/rfc3339-validator-0.1.4-pyhd8ed1ab_1.conda#36de09a8d3e5d5e6f4ee63af49e59706
https://conda.anaconda.org/conda-forge/noarch/rfc3986-validator-0.1.1-pyh9f0ad1d_0.tar.bz2#912a71cc01012ee38e6b90ddd561e36f
https://conda.anaconda.org/conda-forge/noarch/uri-template-1.3.0-pyhd8ed1ab_1.conda#e7cb0f5745e4c5035a460248334af7eb
https://conda.anaconda.org/conda-forge/noarch/webcolors-24.11.1-pyhd8ed1ab_0.conda#b49f7b291e15494aafb0a7d74806f337
https://conda.anaconda.org/conda-forge/noarch/jsonschema-with-format-nongpl-4.23.0-hd8ed1ab_1.conda#a5b1a8065857cc4bd8b7a38d063bb728
https://conda.anaconda.org/conda-forge/noarch/prompt_toolkit-3.0.50-hd8ed1ab_0.conda#b5114235809f754b9bff0d14d3d712bc
https://conda.anaconda.org/conda-forge/noarch/jupyter_console-6.6.3-pyhd8ed1ab_1.conda#801dbf535ec26508fac6d4b24adfb76e
https://conda.anaconda.org/conda-forge/noarch/python-json-logger-2.0.7-pyhd8ed1ab_0.conda#a61bf9ec79426938ff785eb69dbb1960
https://conda.anaconda.org/conda-forge/linux-64/yaml-0.2.5-h7f98852_2.tar.bz2#4cb3ad778ec2d5a7acbdf254eb1c42ae
https://conda.anaconda.org/conda-forge/linux-64/pyyaml-6.0.2-py312h178313f_2.conda#cf2485f39740de96e2a7f2bb18ed2fee
https://conda.anaconda.org/conda-forge/noarch/jupyter_events-0.11.0-pyhd8ed1ab_0.conda#2d8876ca6bda213622dfbc3d1da56ecb
https://conda.anaconda.org/conda-forge/noarch/terminado-0.18.1-pyh0d859eb_0.conda#efba281bbdae5f6b0a1d53c6d4a97c93
https://conda.anaconda.org/conda-forge/noarch/jupyter_server_terminals-0.5.3-pyhd8ed1ab_1.conda#2d983ff1b82a1ccb6f2e9d8784bdd6bd
https://conda.anaconda.org/conda-forge/noarch/jupyterlab_pygments-0.3.0-pyhd8ed1ab_2.conda#fd312693df06da3578383232528c468d
https://conda.anaconda.org/conda-forge/noarch/mistune-3.1.0-pyhd8ed1ab_0.conda#d10024c163a52eeecbb166fdeaef8b12
https://conda.anaconda.org/conda-forge/noarch/python-fastjsonschema-2.21.1-pyhd8ed1ab_0.conda#38e34d2d1d9dca4fb2b9a0a04f604e2c
https://conda.anaconda.org/conda-forge/noarch/nbformat-5.10.4-pyhd8ed1ab_1.conda#bbe1963f1e47f594070ffe87cdf612ea
https://conda.anaconda.org/conda-forge/noarch/nbclient-0.10.2-pyhd8ed1ab_0.conda#6bb0d77277061742744176ab555b723c
https://conda.anaconda.org/conda-forge/noarch/pandocfilters-1.5.0-pyhd8ed1ab_0.tar.bz2#457c2c8c08e54905d6954e79cb5b5db9
https://conda.anaconda.org/conda-forge/noarch/nbconvert-core-7.16.5-pyhd8ed1ab_1.conda#dd50a122c5b9782b1e9b2695473bfd95
https://conda.anaconda.org/conda-forge/noarch/typing_utils-0.1.0-pyhd8ed1ab_1.conda#f6d7aa696c67756a650e91e15e88223c
https://conda.anaconda.org/conda-forge/noarch/overrides-7.7.0-pyhd8ed1ab_1.conda#e51f1e4089cad105b6cac64bd8166587
https://conda.anaconda.org/conda-forge/noarch/prometheus_client-0.21.1-pyhd8ed1ab_0.conda#3e01e386307acc60b2f89af0b2e161aa
https://conda.anaconda.org/conda-forge/noarch/send2trash-1.8.3-pyh0d859eb_1.conda#938c8de6b9de091997145b3bf25cdbf9
https://conda.anaconda.org/conda-forge/noarch/websocket-client-1.8.0-pyhd8ed1ab_1.conda#84f8f77f0a9c6ef401ee96611745da8f
https://conda.anaconda.org/conda-forge/noarch/jupyter_server-2.15.0-pyhd8ed1ab_0.conda#6ba8c206b5c6f52b82435056cf74ee46
https://conda.anaconda.org/conda-forge/noarch/jupyter-lsp-2.2.5-pyhd8ed1ab_1.conda#0b4c3908e5a38ea22ebb98ee5888c768
https://conda.anaconda.org/conda-forge/noarch/pysocks-1.7.1-pyha55dd90_7.conda#461219d1a5bd61342293efa2c0c90eac
https://conda.anaconda.org/conda-forge/linux-64/zstandard-0.23.0-py312hef9b889_1.conda#8b7069e9792ee4e5b4919a7a306d2e67
https://conda.anaconda.org/conda-forge/noarch/urllib3-2.3.0-pyhd8ed1ab_0.conda#32674f8dbfb7b26410ed580dd3c10a29
https://conda.anaconda.org/conda-forge/noarch/requests-2.32.3-pyhd8ed1ab_1.conda#a9b9368f3701a417eac9edbcae7cb737
https://conda.anaconda.org/conda-forge/noarch/jupyterlab_server-2.27.3-pyhd8ed1ab_1.conda#9dc4b2b0f41f0de41d27f3293e319357
https://conda.anaconda.org/conda-forge/noarch/notebook-shim-0.2.4-pyhd8ed1ab_1.conda#e7f89ea5f7ea9401642758ff50a2d9c1
https://conda.anaconda.org/conda-forge/noarch/setuptools-75.8.0-pyhff2d567_0.conda#8f28e299c11afdd79e0ec1e279dcdc52
https://conda.anaconda.org/conda-forge/noarch/tomli-2.2.1-pyhd8ed1ab_1.conda#ac944244f1fed2eb49bae07193ae8215
https://conda.anaconda.org/conda-forge/noarch/jupyterlab-4.3.4-pyhd8ed1ab_0.conda#edc13687180382b4444d9f143a2e1ef7
https://conda.anaconda.org/conda-forge/noarch/notebook-7.3.2-pyhd8ed1ab_0.conda#48b0461a947a0537427fc836b9bd2d33
https://conda.anaconda.org/conda-forge/noarch/jupyter-1.1.1-pyhd8ed1ab_1.conda#9453512288d20847de4356327d0e1282
https://conda.anaconda.org/bioconda/linux-64/mafft-7.525-h031d066_1.tar.bz2#cc14d0dc05b87e030ee1cc168e33cedf
https://conda.anaconda.org/bioconda/linux-64/mcl-22.282-pl5321h7b50bb2_3.tar.bz2#97d0182190694ba32a70f2c6dd4995cf
https://conda.anaconda.org/bioconda/linux-64/mmseqs2-16.747c6-pl5321h6a68c12_0.tar.bz2#ddc0450beafbe63b4e6b503fa59feb2d
https://conda.anaconda.org/conda-forge/linux-64/mpi-1.0-openmpi.tar.bz2#1dcc49e16749ff79ba2194fa5d4ca5e7
https://conda.anaconda.org/bioconda/linux-64/muscle-3.8.1551-h9948957_8.tar.bz2#7770e4f94b49dfd3e151ef9c8a1d1330
https://conda.anaconda.org/conda-forge/linux-64/openmpi-4.1.6-hc5af2df_101.conda#f9a2ad0088ee38f396350515fa37d243
https://conda.anaconda.org/bioconda/linux-64/raxml-8.2.13-h7b50bb2_3.tar.bz2#48880314905ab03663a8fb4d97c835ff
https://conda.anaconda.org/bioconda/linux-64/raxml-ng-1.2.2-h6747034_1.tar.bz2#f0fd12921db38a834c3863cb49e092ac
https://conda.anaconda.org/conda-forge/linux-64/scipy-1.15.1-py312h180e4f1_0.conda#355bcf0f629159c9bd10a406cd8b6c3a
https://conda.anaconda.org/bioconda/noarch/orthofinder-2.5.5-hdfd78af_2.tar.bz2#5b22087900d1dc90fb2f59e43fdebd83
https://conda.anaconda.org/conda-forge/noarch/python-tzdata-2025.1-pyhd8ed1ab_0.conda#392c91c42edd569a7ec99ed8648f597a
https://conda.anaconda.org/conda-forge/linux-64/pandas-2.2.3-py312hf9745cd_1.conda#8bce4f6caaf8c5448c7ac86d87e26b4b
https://conda.anaconda.org/conda-forge/noarch/wheel-0.45.1-pyhd8ed1ab_1.conda#75cb7132eb58d97896e173ef12ac9986
https://conda.anaconda.org/conda-forge/noarch/pip-24.3.1-pyh8b19718_2.conda#04e691b9fadd93a8a9fad87a81d4fd8f
https://conda.anaconda.org/conda-forge/linux-64/polars-1.21.0-py312hda0fa55_0.conda#b411b7bbd84cfa04d6acf84e57f10dd7
https://conda.anaconda.org/conda-forge/noarch/tqdm-4.67.1-pyhd8ed1ab_1.conda#9efbfdc37242619130ea42b1cc4ed861
